
Microsoft Visual Studio Solution File, Format Version 12.00
# Visual Studio 2012
Project("{FAE04EC0-301F-11D3-BF4B-00C04F79EFBC}") = "NScumm", "NScumm\NScumm.csproj", "{BDB23D9C-ACB1-4BAA-BFF7-31AB66AF321F}"
EndProject
Project("{FAE04EC0-301F-11D3-BF4B-00C04F79EFBC}") = "Scumm4", "Scumm4\Scumm4.csproj", "{B33E2D2E-E360-4F10-A82F-AA98500497FD}"
EndProject
Global
	GlobalSection(SolutionConfigurationPlatforms) = preSolution
		Debug|Any CPU = Debug|Any CPU
		Debug|Mixed Platforms = Debug|Mixed Platforms
		Debug|x86 = Debug|x86
		Release|Any CPU = Release|Any CPU
		Release|Mixed Platforms = Release|Mixed Platforms
		Release|x86 = Release|x86
	EndGlobalSection
	GlobalSection(ProjectConfigurationPlatforms) = postSolution
		{BDB23D9C-ACB1-4BAA-BFF7-31AB66AF321F}.Debug|Any CPU.ActiveCfg = Debug|x86
		{BDB23D9C-ACB1-4BAA-BFF7-31AB66AF321F}.Debug|Mixed Platforms.ActiveCfg = Debug|x86
		{BDB23D9C-ACB1-4BAA-BFF7-31AB66AF321F}.Debug|Mixed Platforms.Build.0 = Debug|x86
		{BDB23D9C-ACB1-4BAA-BFF7-31AB66AF321F}.Debug|x86.ActiveCfg = Debug|x86
		{BDB23D9C-ACB1-4BAA-BFF7-31AB66AF321F}.Debug|x86.Build.0 = Debug|x86
		{BDB23D9C-ACB1-4BAA-BFF7-31AB66AF321F}.Release|Any CPU.ActiveCfg = Release|x86
		{BDB23D9C-ACB1-4BAA-BFF7-31AB66AF321F}.Release|Mixed Platforms.ActiveCfg = Release|x86
		{BDB23D9C-ACB1-4BAA-BFF7-31AB66AF321F}.Release|Mixed Platforms.Build.0 = Release|x86
		{BDB23D9C-ACB1-4BAA-BFF7-31AB66AF321F}.Release|x86.ActiveCfg = Release|x86
		{BDB23D9C-ACB1-4BAA-BFF7-31AB66AF321F}.Release|x86.Build.0 = Release|x86
		{B33E2D2E-E360-4F10-A82F-AA98500497FD}.Debug|Any CPU.ActiveCfg = Debug|Any CPU
		{B33E2D2E-E360-4F10-A82F-AA98500497FD}.Debug|Any CPU.Build.0 = Debug|Any CPU
		{B33E2D2E-E360-4F10-A82F-AA98500497FD}.Debug|Mixed Platforms.ActiveCfg = Debug|Any CPU
		{B33E2D2E-E360-4F10-A82F-AA98500497FD}.Debug|Mixed Platforms.Build.0 = Debug|Any CPU
		{B33E2D2E-E360-4F10-A82F-AA98500497FD}.Debug|x86.ActiveCfg = Debug|Any CPU
		{B33E2D2E-E360-4F10-A82F-AA98500497FD}.Release|Any CPU.ActiveCfg = Release|Any CPU
		{B33E2D2E-E360-4F10-A82F-AA98500497FD}.Release|Any CPU.Build.0 = Release|Any CPU
		{B33E2D2E-E360-4F10-A82F-AA98500497FD}.Release|Mixed Platforms.ActiveCfg = Release|Any CPU
		{B33E2D2E-E360-4F10-A82F-AA98500497FD}.Release|Mixed Platforms.Build.0 = Release|Any CPU
		{B33E2D2E-E360-4F10-A82F-AA98500497FD}.Release|x86.ActiveCfg = Release|Any CPU
	EndGlobalSection
	GlobalSection(SolutionProperties) = preSolution
		HideSolutionNode = FALSE
	EndGlobalSection
EndGlobal
