
Microsoft Visual Studio Solution File, Format Version 12.00
# Visual Studio 2012
Project("{FAE04EC0-301F-11D3-BF4B-00C04F79EFBC}") = "NScumm.Desktop", "NScumm.Desktop\NScumm.Desktop.csproj", "{299B5353-0FA3-40D4-82E3-81FAEAABE65E}"
EndProject
Project("{FAE04EC0-301F-11D3-BF4B-00C04F79EFBC}") = "NScumm.Core", "NScumm.Core\NScumm.Core.csproj", "{8E7A9E5B-D7EB-4DA1-8EE7-A5D8DE202372}"
EndProject
Project("{2150E333-8FDC-42A3-9474-1A3956D46DE8}") = "Engines", "Engines", "{A243840C-CF70-4BA3-BA0E-69BB0C8E68B4}"
EndProject
Project("{FAE04EC0-301F-11D3-BF4B-00C04F79EFBC}") = "NScumm.Queen", "Engines\NScumm.Queen\NScumm.Queen.csproj", "{E10DD77E-F6F2-4F3B-AD40-A7A27FC96C7B}"
EndProject
Project("{FAE04EC0-301F-11D3-BF4B-00C04F79EFBC}") = "NScumm.Scumm", "Engines\NScumm.Scumm\NScumm.Scumm.csproj", "{97342112-448A-4636-827F-8D47B226D86F}"
EndProject
Project("{FAE04EC0-301F-11D3-BF4B-00C04F79EFBC}") = "NScumm.Sky", "Engines\NScumm.Sky\NScumm.Sky.csproj", "{8740A0CD-2613-4354-9506-35035A735962}"
EndProject
Project("{FAE04EC0-301F-11D3-BF4B-00C04F79EFBC}") = "NScumm.Sword1", "Engines\NScumm.Sword1\NScumm.Sword1.csproj", "{EF539A3F-0672-412C-B9D0-38DCD3622D99}"
EndProject
Project("{D954291E-2A0B-460D-934E-DC6B0785DB48}") = "NScumm.Mobile", "NScumm.Mobile\NScumm.Mobile.shproj", "{CD1207A0-F62F-4246-82CE-E28869DB8286}"
EndProject
Project("{FAE04EC0-301F-11D3-BF4B-00C04F79EFBC}") = "NScumm.Mobile.Resx", "NScumm.Mobile.Resx\NScumm.Mobile.Resx.csproj", "{91B0F650-90F1-4166-9934-0CF9289F61EC}"
EndProject
Project("{FAE04EC0-301F-11D3-BF4B-00C04F79EFBC}") = "NScumm.Mobile.iOS", "iOS\NScumm.Mobile.iOS.csproj", "{7EC0A1EC-A1E8-4E7D-9C64-01AA28B93D11}"
EndProject
Project("{FAE04EC0-301F-11D3-BF4B-00C04F79EFBC}") = "NScumm.Mobile.Droid", "Android\NScumm.Mobile.Droid.csproj", "{E39704F3-00C1-4BB2-8E74-0D50C94F6EEA}"
EndProject
Project("{FAE04EC0-301F-11D3-BF4B-00C04F79EFBC}") = "NScumm.Droid", "NScumm.Droid\NScumm.Droid.csproj", "{DA165A96-F4D1-4DA6-ACFB-0853F2FB45E4}"
EndProject
Project("{FAE04EC0-301F-11D3-BF4B-00C04F79EFBC}") = "NScumm.Sci", "Engines\NScumm.Sci\NScumm.Sci.csproj", "{FEF9CB20-5EBA-4FEC-9998-75FFCE0EAEE4}"
EndProject
Global
	GlobalSection(SolutionConfigurationPlatforms) = preSolution
		Debug|x86 = Debug|x86
		Release|x86 = Release|x86
		Debug .NET Native|Any CPU = Debug .NET Native|Any CPU
		Debug|iPhoneSimulator = Debug|iPhoneSimulator
		Release|iPhone = Release|iPhone
		Release|iPhoneSimulator = Release|iPhoneSimulator
		Debug|iPhone = Debug|iPhone
	EndGlobalSection
	GlobalSection(ProjectConfigurationPlatforms) = postSolution
		{299B5353-0FA3-40D4-82E3-81FAEAABE65E}.Debug .NET Native|Any CPU.ActiveCfg = Debug|x86
		{299B5353-0FA3-40D4-82E3-81FAEAABE65E}.Debug .NET Native|Any CPU.Build.0 = Debug|x86
		{299B5353-0FA3-40D4-82E3-81FAEAABE65E}.Debug|iPhone.ActiveCfg = Debug|x86
		{299B5353-0FA3-40D4-82E3-81FAEAABE65E}.Debug|iPhone.Build.0 = Debug|x86
		{299B5353-0FA3-40D4-82E3-81FAEAABE65E}.Debug|iPhoneSimulator.ActiveCfg = Debug|x86
		{299B5353-0FA3-40D4-82E3-81FAEAABE65E}.Debug|iPhoneSimulator.Build.0 = Debug|x86
		{299B5353-0FA3-40D4-82E3-81FAEAABE65E}.Debug|x86.ActiveCfg = Debug|x86
		{299B5353-0FA3-40D4-82E3-81FAEAABE65E}.Debug|x86.Build.0 = Debug|x86
		{299B5353-0FA3-40D4-82E3-81FAEAABE65E}.Release|iPhone.ActiveCfg = Release|x86
		{299B5353-0FA3-40D4-82E3-81FAEAABE65E}.Release|iPhone.Build.0 = Release|x86
		{299B5353-0FA3-40D4-82E3-81FAEAABE65E}.Release|iPhoneSimulator.ActiveCfg = Release|x86
		{299B5353-0FA3-40D4-82E3-81FAEAABE65E}.Release|iPhoneSimulator.Build.0 = Release|x86
		{299B5353-0FA3-40D4-82E3-81FAEAABE65E}.Release|x86.ActiveCfg = Release|x86
		{299B5353-0FA3-40D4-82E3-81FAEAABE65E}.Release|x86.Build.0 = Release|x86
		{8E7A9E5B-D7EB-4DA1-8EE7-A5D8DE202372}.Debug .NET Native|Any CPU.ActiveCfg = Debug .NET Native|Any CPU
		{8E7A9E5B-D7EB-4DA1-8EE7-A5D8DE202372}.Debug .NET Native|Any CPU.Build.0 = Debug .NET Native|Any CPU
		{8E7A9E5B-D7EB-4DA1-8EE7-A5D8DE202372}.Debug|iPhone.ActiveCfg = Debug|Any CPU
		{8E7A9E5B-D7EB-4DA1-8EE7-A5D8DE202372}.Debug|iPhone.Build.0 = Debug|Any CPU
		{8E7A9E5B-D7EB-4DA1-8EE7-A5D8DE202372}.Debug|iPhoneSimulator.ActiveCfg = Debug|Any CPU
		{8E7A9E5B-D7EB-4DA1-8EE7-A5D8DE202372}.Debug|iPhoneSimulator.Build.0 = Debug|Any CPU
		{8E7A9E5B-D7EB-4DA1-8EE7-A5D8DE202372}.Debug|x86.ActiveCfg = Debug|Any CPU
		{8E7A9E5B-D7EB-4DA1-8EE7-A5D8DE202372}.Debug|x86.Build.0 = Debug|Any CPU
		{8E7A9E5B-D7EB-4DA1-8EE7-A5D8DE202372}.Release|iPhone.ActiveCfg = Release|Any CPU
		{8E7A9E5B-D7EB-4DA1-8EE7-A5D8DE202372}.Release|iPhone.Build.0 = Release|Any CPU
		{8E7A9E5B-D7EB-4DA1-8EE7-A5D8DE202372}.Release|iPhoneSimulator.ActiveCfg = Release|Any CPU
		{8E7A9E5B-D7EB-4DA1-8EE7-A5D8DE202372}.Release|iPhoneSimulator.Build.0 = Release|Any CPU
		{8E7A9E5B-D7EB-4DA1-8EE7-A5D8DE202372}.Release|x86.ActiveCfg = Release|Any CPU
		{8E7A9E5B-D7EB-4DA1-8EE7-A5D8DE202372}.Release|x86.Build.0 = Release|Any CPU
		{E10DD77E-F6F2-4F3B-AD40-A7A27FC96C7B}.Debug .NET Native|Any CPU.ActiveCfg = Debug|Any CPU
		{E10DD77E-F6F2-4F3B-AD40-A7A27FC96C7B}.Debug .NET Native|Any CPU.Build.0 = Debug|Any CPU
		{E10DD77E-F6F2-4F3B-AD40-A7A27FC96C7B}.Debug|iPhone.ActiveCfg = Debug|Any CPU
		{E10DD77E-F6F2-4F3B-AD40-A7A27FC96C7B}.Debug|iPhone.Build.0 = Debug|Any CPU
		{E10DD77E-F6F2-4F3B-AD40-A7A27FC96C7B}.Debug|iPhoneSimulator.ActiveCfg = Debug|Any CPU
		{E10DD77E-F6F2-4F3B-AD40-A7A27FC96C7B}.Debug|iPhoneSimulator.Build.0 = Debug|Any CPU
		{E10DD77E-F6F2-4F3B-AD40-A7A27FC96C7B}.Debug|x86.ActiveCfg = Debug|Any CPU
		{E10DD77E-F6F2-4F3B-AD40-A7A27FC96C7B}.Debug|x86.Build.0 = Debug|Any CPU
		{E10DD77E-F6F2-4F3B-AD40-A7A27FC96C7B}.Release|iPhone.ActiveCfg = Release|Any CPU
		{E10DD77E-F6F2-4F3B-AD40-A7A27FC96C7B}.Release|iPhone.Build.0 = Release|Any CPU
		{E10DD77E-F6F2-4F3B-AD40-A7A27FC96C7B}.Release|iPhoneSimulator.ActiveCfg = Release|Any CPU
		{E10DD77E-F6F2-4F3B-AD40-A7A27FC96C7B}.Release|iPhoneSimulator.Build.0 = Release|Any CPU
		{E10DD77E-F6F2-4F3B-AD40-A7A27FC96C7B}.Release|x86.ActiveCfg = Release|Any CPU
		{E10DD77E-F6F2-4F3B-AD40-A7A27FC96C7B}.Release|x86.Build.0 = Release|Any CPU
		{97342112-448A-4636-827F-8D47B226D86F}.Debug|x86.ActiveCfg = Debug|Any CPU
		{97342112-448A-4636-827F-8D47B226D86F}.Debug|x86.Build.0 = Debug|Any CPU
		{97342112-448A-4636-827F-8D47B226D86F}.Release|x86.ActiveCfg = Release|Any CPU
		{97342112-448A-4636-827F-8D47B226D86F}.Release|x86.Build.0 = Release|Any CPU
		{97342112-448A-4636-827F-8D47B226D86F}.Debug .NET Native|Any CPU.ActiveCfg = Debug .NET Native|Any CPU
		{97342112-448A-4636-827F-8D47B226D86F}.Debug .NET Native|Any CPU.Build.0 = Debug .NET Native|Any CPU
		{97342112-448A-4636-827F-8D47B226D86F}.Debug|iPhoneSimulator.ActiveCfg = Debug|Any CPU
		{97342112-448A-4636-827F-8D47B226D86F}.Debug|iPhoneSimulator.Build.0 = Debug|Any CPU
		{97342112-448A-4636-827F-8D47B226D86F}.Release|iPhone.ActiveCfg = Release|Any CPU
		{97342112-448A-4636-827F-8D47B226D86F}.Release|iPhone.Build.0 = Release|Any CPU
		{97342112-448A-4636-827F-8D47B226D86F}.Release|iPhoneSimulator.ActiveCfg = Release|Any CPU
		{97342112-448A-4636-827F-8D47B226D86F}.Release|iPhoneSimulator.Build.0 = Release|Any CPU
		{97342112-448A-4636-827F-8D47B226D86F}.Debug|iPhone.ActiveCfg = Debug|Any CPU
		{97342112-448A-4636-827F-8D47B226D86F}.Debug|iPhone.Build.0 = Debug|Any CPU
		{8740A0CD-2613-4354-9506-35035A735962}.Debug|x86.ActiveCfg = Debug|Any CPU
		{8740A0CD-2613-4354-9506-35035A735962}.Debug|x86.Build.0 = Debug|Any CPU
		{8740A0CD-2613-4354-9506-35035A735962}.Release|x86.ActiveCfg = Release|Any CPU
		{8740A0CD-2613-4354-9506-35035A735962}.Release|x86.Build.0 = Release|Any CPU
		{8740A0CD-2613-4354-9506-35035A735962}.Debug .NET Native|Any CPU.ActiveCfg = Debug .NET Native|Any CPU
		{8740A0CD-2613-4354-9506-35035A735962}.Debug .NET Native|Any CPU.Build.0 = Debug .NET Native|Any CPU
		{8740A0CD-2613-4354-9506-35035A735962}.Debug|iPhoneSimulator.ActiveCfg = Debug|Any CPU
		{8740A0CD-2613-4354-9506-35035A735962}.Debug|iPhoneSimulator.Build.0 = Debug|Any CPU
		{8740A0CD-2613-4354-9506-35035A735962}.Release|iPhone.ActiveCfg = Release|Any CPU
		{8740A0CD-2613-4354-9506-35035A735962}.Release|iPhone.Build.0 = Release|Any CPU
		{8740A0CD-2613-4354-9506-35035A735962}.Release|iPhoneSimulator.ActiveCfg = Release|Any CPU
		{8740A0CD-2613-4354-9506-35035A735962}.Release|iPhoneSimulator.Build.0 = Release|Any CPU
		{8740A0CD-2613-4354-9506-35035A735962}.Debug|iPhone.ActiveCfg = Debug|Any CPU
		{8740A0CD-2613-4354-9506-35035A735962}.Debug|iPhone.Build.0 = Debug|Any CPU
		{EF539A3F-0672-412C-B9D0-38DCD3622D99}.Debug|x86.ActiveCfg = Debug|Any CPU
		{EF539A3F-0672-412C-B9D0-38DCD3622D99}.Debug|x86.Build.0 = Debug|Any CPU
		{EF539A3F-0672-412C-B9D0-38DCD3622D99}.Release|x86.ActiveCfg = Release|Any CPU
		{EF539A3F-0672-412C-B9D0-38DCD3622D99}.Release|x86.Build.0 = Release|Any CPU
		{EF539A3F-0672-412C-B9D0-38DCD3622D99}.Debug .NET Native|Any CPU.ActiveCfg = Debug|Any CPU
		{EF539A3F-0672-412C-B9D0-38DCD3622D99}.Debug .NET Native|Any CPU.Build.0 = Debug|Any CPU
		{EF539A3F-0672-412C-B9D0-38DCD3622D99}.Debug|iPhoneSimulator.ActiveCfg = Debug|Any CPU
		{EF539A3F-0672-412C-B9D0-38DCD3622D99}.Debug|iPhoneSimulator.Build.0 = Debug|Any CPU
		{EF539A3F-0672-412C-B9D0-38DCD3622D99}.Release|iPhone.ActiveCfg = Release|Any CPU
		{EF539A3F-0672-412C-B9D0-38DCD3622D99}.Release|iPhone.Build.0 = Release|Any CPU
		{EF539A3F-0672-412C-B9D0-38DCD3622D99}.Release|iPhoneSimulator.ActiveCfg = Release|Any CPU
		{EF539A3F-0672-412C-B9D0-38DCD3622D99}.Release|iPhoneSimulator.Build.0 = Release|Any CPU
		{EF539A3F-0672-412C-B9D0-38DCD3622D99}.Debug|iPhone.ActiveCfg = Debug|Any CPU
		{EF539A3F-0672-412C-B9D0-38DCD3622D99}.Debug|iPhone.Build.0 = Debug|Any CPU
		{91B0F650-90F1-4166-9934-0CF9289F61EC}.Debug|x86.ActiveCfg = Debug|Any CPU
		{91B0F650-90F1-4166-9934-0CF9289F61EC}.Debug|x86.Build.0 = Debug|Any CPU
		{91B0F650-90F1-4166-9934-0CF9289F61EC}.Release|x86.ActiveCfg = Release|Any CPU
		{91B0F650-90F1-4166-9934-0CF9289F61EC}.Release|x86.Build.0 = Release|Any CPU
		{91B0F650-90F1-4166-9934-0CF9289F61EC}.Debug .NET Native|Any CPU.ActiveCfg = Debug|Any CPU
		{91B0F650-90F1-4166-9934-0CF9289F61EC}.Debug .NET Native|Any CPU.Build.0 = Debug|Any CPU
		{91B0F650-90F1-4166-9934-0CF9289F61EC}.Debug|iPhoneSimulator.ActiveCfg = Debug|Any CPU
		{91B0F650-90F1-4166-9934-0CF9289F61EC}.Debug|iPhoneSimulator.Build.0 = Debug|Any CPU
		{91B0F650-90F1-4166-9934-0CF9289F61EC}.Release|iPhone.ActiveCfg = Release|Any CPU
		{91B0F650-90F1-4166-9934-0CF9289F61EC}.Release|iPhone.Build.0 = Release|Any CPU
		{91B0F650-90F1-4166-9934-0CF9289F61EC}.Release|iPhoneSimulator.ActiveCfg = Release|Any CPU
		{91B0F650-90F1-4166-9934-0CF9289F61EC}.Release|iPhoneSimulator.Build.0 = Release|Any CPU
		{91B0F650-90F1-4166-9934-0CF9289F61EC}.Debug|iPhone.ActiveCfg = Debug|Any CPU
		{91B0F650-90F1-4166-9934-0CF9289F61EC}.Debug|iPhone.Build.0 = Debug|Any CPU
		{7EC0A1EC-A1E8-4E7D-9C64-01AA28B93D11}.Debug|x86.ActiveCfg = Debug|iPhoneSimulator
		{7EC0A1EC-A1E8-4E7D-9C64-01AA28B93D11}.Debug|x86.Build.0 = Debug|iPhoneSimulator
		{7EC0A1EC-A1E8-4E7D-9C64-01AA28B93D11}.Release|x86.ActiveCfg = Release|iPhone
		{7EC0A1EC-A1E8-4E7D-9C64-01AA28B93D11}.Release|x86.Build.0 = Release|iPhone
		{7EC0A1EC-A1E8-4E7D-9C64-01AA28B93D11}.Debug .NET Native|Any CPU.ActiveCfg = Debug|iPhoneSimulator
		{7EC0A1EC-A1E8-4E7D-9C64-01AA28B93D11}.Debug .NET Native|Any CPU.Build.0 = Debug|iPhoneSimulator
		{7EC0A1EC-A1E8-4E7D-9C64-01AA28B93D11}.Debug|iPhoneSimulator.ActiveCfg = Debug|iPhoneSimulator
		{7EC0A1EC-A1E8-4E7D-9C64-01AA28B93D11}.Debug|iPhoneSimulator.Build.0 = Debug|iPhoneSimulator
		{7EC0A1EC-A1E8-4E7D-9C64-01AA28B93D11}.Release|iPhone.ActiveCfg = Release|iPhone
		{7EC0A1EC-A1E8-4E7D-9C64-01AA28B93D11}.Release|iPhone.Build.0 = Release|iPhone
		{7EC0A1EC-A1E8-4E7D-9C64-01AA28B93D11}.Release|iPhoneSimulator.ActiveCfg = Release|iPhoneSimulator
		{7EC0A1EC-A1E8-4E7D-9C64-01AA28B93D11}.Release|iPhoneSimulator.Build.0 = Release|iPhoneSimulator
		{7EC0A1EC-A1E8-4E7D-9C64-01AA28B93D11}.Debug|iPhone.ActiveCfg = Debug|iPhone
		{7EC0A1EC-A1E8-4E7D-9C64-01AA28B93D11}.Debug|iPhone.Build.0 = Debug|iPhone
		{E39704F3-00C1-4BB2-8E74-0D50C94F6EEA}.Debug|x86.ActiveCfg = Debug|Any CPU
		{E39704F3-00C1-4BB2-8E74-0D50C94F6EEA}.Debug|x86.Build.0 = Debug|Any CPU
		{E39704F3-00C1-4BB2-8E74-0D50C94F6EEA}.Release|x86.ActiveCfg = Release|Any CPU
		{E39704F3-00C1-4BB2-8E74-0D50C94F6EEA}.Release|x86.Build.0 = Release|Any CPU
		{E39704F3-00C1-4BB2-8E74-0D50C94F6EEA}.Debug .NET Native|Any CPU.ActiveCfg = Debug|Any CPU
		{E39704F3-00C1-4BB2-8E74-0D50C94F6EEA}.Debug .NET Native|Any CPU.Build.0 = Debug|Any CPU
		{E39704F3-00C1-4BB2-8E74-0D50C94F6EEA}.Debug|iPhoneSimulator.ActiveCfg = Debug|Any CPU
		{E39704F3-00C1-4BB2-8E74-0D50C94F6EEA}.Debug|iPhoneSimulator.Build.0 = Debug|Any CPU
		{E39704F3-00C1-4BB2-8E74-0D50C94F6EEA}.Release|iPhone.ActiveCfg = Release|Any CPU
		{E39704F3-00C1-4BB2-8E74-0D50C94F6EEA}.Release|iPhone.Build.0 = Release|Any CPU
		{E39704F3-00C1-4BB2-8E74-0D50C94F6EEA}.Release|iPhoneSimulator.ActiveCfg = Release|Any CPU
		{E39704F3-00C1-4BB2-8E74-0D50C94F6EEA}.Release|iPhoneSimulator.Build.0 = Release|Any CPU
		{E39704F3-00C1-4BB2-8E74-0D50C94F6EEA}.Debug|iPhone.ActiveCfg = Debug|Any CPU
		{E39704F3-00C1-4BB2-8E74-0D50C94F6EEA}.Debug|iPhone.Build.0 = Debug|Any CPU
		{DA165A96-F4D1-4DA6-ACFB-0853F2FB45E4}.Debug|x86.ActiveCfg = Debug|Any CPU
		{DA165A96-F4D1-4DA6-ACFB-0853F2FB45E4}.Debug|x86.Build.0 = Debug|Any CPU
		{DA165A96-F4D1-4DA6-ACFB-0853F2FB45E4}.Release|x86.ActiveCfg = Release|Any CPU
		{DA165A96-F4D1-4DA6-ACFB-0853F2FB45E4}.Release|x86.Build.0 = Release|Any CPU
		{DA165A96-F4D1-4DA6-ACFB-0853F2FB45E4}.Debug .NET Native|Any CPU.ActiveCfg = Debug|Any CPU
		{DA165A96-F4D1-4DA6-ACFB-0853F2FB45E4}.Debug .NET Native|Any CPU.Build.0 = Debug|Any CPU
		{DA165A96-F4D1-4DA6-ACFB-0853F2FB45E4}.Debug|iPhoneSimulator.ActiveCfg = Debug|Any CPU
		{DA165A96-F4D1-4DA6-ACFB-0853F2FB45E4}.Debug|iPhoneSimulator.Build.0 = Debug|Any CPU
		{DA165A96-F4D1-4DA6-ACFB-0853F2FB45E4}.Release|iPhone.ActiveCfg = Release|Any CPU
		{DA165A96-F4D1-4DA6-ACFB-0853F2FB45E4}.Release|iPhone.Build.0 = Release|Any CPU
		{DA165A96-F4D1-4DA6-ACFB-0853F2FB45E4}.Release|iPhoneSimulator.ActiveCfg = Release|Any CPU
		{DA165A96-F4D1-4DA6-ACFB-0853F2FB45E4}.Release|iPhoneSimulator.Build.0 = Release|Any CPU
		{DA165A96-F4D1-4DA6-ACFB-0853F2FB45E4}.Debug|iPhone.ActiveCfg = Debug|Any CPU
		{DA165A96-F4D1-4DA6-ACFB-0853F2FB45E4}.Debug|iPhone.Build.0 = Debug|Any CPU
		{FEF9CB20-5EBA-4FEC-9998-75FFCE0EAEE4}.Debug|x86.ActiveCfg = Debug|Any CPU
		{FEF9CB20-5EBA-4FEC-9998-75FFCE0EAEE4}.Debug|x86.Build.0 = Debug|Any CPU
		{FEF9CB20-5EBA-4FEC-9998-75FFCE0EAEE4}.Release|x86.ActiveCfg = Release|Any CPU
		{FEF9CB20-5EBA-4FEC-9998-75FFCE0EAEE4}.Release|x86.Build.0 = Release|Any CPU
		{FEF9CB20-5EBA-4FEC-9998-75FFCE0EAEE4}.Debug .NET Native|Any CPU.ActiveCfg = Debug|Any CPU
		{FEF9CB20-5EBA-4FEC-9998-75FFCE0EAEE4}.Debug .NET Native|Any CPU.Build.0 = Debug|Any CPU
		{FEF9CB20-5EBA-4FEC-9998-75FFCE0EAEE4}.Debug|iPhoneSimulator.ActiveCfg = Debug|Any CPU
		{FEF9CB20-5EBA-4FEC-9998-75FFCE0EAEE4}.Debug|iPhoneSimulator.Build.0 = Debug|Any CPU
		{FEF9CB20-5EBA-4FEC-9998-75FFCE0EAEE4}.Release|iPhone.ActiveCfg = Release|Any CPU
		{FEF9CB20-5EBA-4FEC-9998-75FFCE0EAEE4}.Release|iPhone.Build.0 = Release|Any CPU
		{FEF9CB20-5EBA-4FEC-9998-75FFCE0EAEE4}.Release|iPhoneSimulator.ActiveCfg = Release|Any CPU
		{FEF9CB20-5EBA-4FEC-9998-75FFCE0EAEE4}.Release|iPhoneSimulator.Build.0 = Release|Any CPU
		{FEF9CB20-5EBA-4FEC-9998-75FFCE0EAEE4}.Debug|iPhone.ActiveCfg = Debug|Any CPU
		{FEF9CB20-5EBA-4FEC-9998-75FFCE0EAEE4}.Debug|iPhone.Build.0 = Debug|Any CPU
	EndGlobalSection
	GlobalSection(NestedProjects) = preSolution
		{E10DD77E-F6F2-4F3B-AD40-A7A27FC96C7B} = {A243840C-CF70-4BA3-BA0E-69BB0C8E68B4}
		{97342112-448A-4636-827F-8D47B226D86F} = {A243840C-CF70-4BA3-BA0E-69BB0C8E68B4}
		{8740A0CD-2613-4354-9506-35035A735962} = {A243840C-CF70-4BA3-BA0E-69BB0C8E68B4}
		{EF539A3F-0672-412C-B9D0-38DCD3622D99} = {A243840C-CF70-4BA3-BA0E-69BB0C8E68B4}
		{FEF9CB20-5EBA-4FEC-9998-75FFCE0EAEE4} = {A243840C-CF70-4BA3-BA0E-69BB0C8E68B4}
	EndGlobalSection
EndGlobal
