
Microsoft Visual Studio Solution File, Format Version 12.00
# Visual Studio 2012
VisualStudioVersion = 12.0.31101.0
MinimumVisualStudioVersion = 10.0.40219.1
Project("{FAE04EC0-301F-11D3-BF4B-00C04F79EFBC}") = "NScumm.Core", "NScumm.Core\NScumm.Core.csproj", "{8E7A9E5B-D7EB-4DA1-8EE7-A5D8DE202372}"
EndProject
Project("{2150E333-8FDC-42A3-9474-1A3956D46DE8}") = "Solution Items", "Solution Items", "{1D326366-843A-46C2-B75D-3AEF082E5A8B}"
	ProjectSection(SolutionItems) = preProject
		README.md = README.md
	EndProjectSection
EndProject
Project("{FAE04EC0-301F-11D3-BF4B-00C04F79EFBC}") = "NScumm.Dump", "NScumm.Dump\NScumm.Dump.csproj", "{D53EB07B-F186-4281-A225-2C3DC5850148}"
EndProject
Project("{FAE04EC0-301F-11D3-BF4B-00C04F79EFBC}") = "NScumm.Dump.Tests", "NScumm.Dump.Tests\NScumm.Dump.Tests.csproj", "{388CB59D-3D62-4C0A-8182-C3A1ADF317F3}"
EndProject
Project("{FAE04EC0-301F-11D3-BF4B-00C04F79EFBC}") = "NScumm.Platform_Desktop", "NScumm.Platform_Desktop\NScumm.Platform_Desktop.csproj", "{D42434C7-459D-461A-8B1D-1451F7FF4B13}"
EndProject
Project("{FAE04EC0-301F-11D3-BF4B-00C04F79EFBC}") = "NScumm.MonoGame", "NScumm.MonoGame\Platforms\Linux\NScumm.MonoGame.csproj", "{B1F1416B-C52A-4CE5-AF06-C960F5165784}"
EndProject
Global
	GlobalSection(SolutionConfigurationPlatforms) = preSolution
		Debug|Mixed Platforms = Debug|Mixed Platforms
		Debug|x86 = Debug|x86
		Release|Mixed Platforms = Release|Mixed Platforms
		Release|x86 = Release|x86
	EndGlobalSection
	GlobalSection(ProjectConfigurationPlatforms) = postSolution
		{388CB59D-3D62-4C0A-8182-C3A1ADF317F3}.Debug|Mixed Platforms.ActiveCfg = Debug|Any CPU
		{388CB59D-3D62-4C0A-8182-C3A1ADF317F3}.Debug|Mixed Platforms.Build.0 = Debug|Any CPU
		{388CB59D-3D62-4C0A-8182-C3A1ADF317F3}.Debug|x86.ActiveCfg = Debug|Any CPU
		{388CB59D-3D62-4C0A-8182-C3A1ADF317F3}.Debug|x86.Build.0 = Debug|Any CPU
		{388CB59D-3D62-4C0A-8182-C3A1ADF317F3}.Release|Mixed Platforms.ActiveCfg = Release|Any CPU
		{388CB59D-3D62-4C0A-8182-C3A1ADF317F3}.Release|Mixed Platforms.Build.0 = Release|Any CPU
		{388CB59D-3D62-4C0A-8182-C3A1ADF317F3}.Release|x86.ActiveCfg = Release|Any CPU
		{388CB59D-3D62-4C0A-8182-C3A1ADF317F3}.Release|x86.Build.0 = Release|Any CPU
		{8E7A9E5B-D7EB-4DA1-8EE7-A5D8DE202372}.Debug|Mixed Platforms.ActiveCfg = Debug|Any CPU
		{8E7A9E5B-D7EB-4DA1-8EE7-A5D8DE202372}.Debug|Mixed Platforms.Build.0 = Debug|Any CPU
		{8E7A9E5B-D7EB-4DA1-8EE7-A5D8DE202372}.Debug|x86.ActiveCfg = Debug|Any CPU
		{8E7A9E5B-D7EB-4DA1-8EE7-A5D8DE202372}.Debug|x86.Build.0 = Debug|Any CPU
		{8E7A9E5B-D7EB-4DA1-8EE7-A5D8DE202372}.Release|Mixed Platforms.ActiveCfg = Release|Any CPU
		{8E7A9E5B-D7EB-4DA1-8EE7-A5D8DE202372}.Release|Mixed Platforms.Build.0 = Release|Any CPU
		{8E7A9E5B-D7EB-4DA1-8EE7-A5D8DE202372}.Release|x86.ActiveCfg = Release|Any CPU
		{8E7A9E5B-D7EB-4DA1-8EE7-A5D8DE202372}.Release|x86.Build.0 = Release|Any CPU
		{B1F1416B-C52A-4CE5-AF06-C960F5165784}.Debug|Mixed Platforms.ActiveCfg = Debug|x86
		{B1F1416B-C52A-4CE5-AF06-C960F5165784}.Debug|Mixed Platforms.Build.0 = Debug|x86
		{B1F1416B-C52A-4CE5-AF06-C960F5165784}.Debug|x86.ActiveCfg = Debug|x86
		{B1F1416B-C52A-4CE5-AF06-C960F5165784}.Debug|x86.Build.0 = Debug|x86
		{B1F1416B-C52A-4CE5-AF06-C960F5165784}.Release|Mixed Platforms.ActiveCfg = Release|x86
		{B1F1416B-C52A-4CE5-AF06-C960F5165784}.Release|Mixed Platforms.Build.0 = Release|x86
		{B1F1416B-C52A-4CE5-AF06-C960F5165784}.Release|x86.ActiveCfg = Release|x86
		{B1F1416B-C52A-4CE5-AF06-C960F5165784}.Release|x86.Build.0 = Release|x86
		{D42434C7-459D-461A-8B1D-1451F7FF4B13}.Debug|Mixed Platforms.ActiveCfg = Debug|Any CPU
		{D42434C7-459D-461A-8B1D-1451F7FF4B13}.Debug|Mixed Platforms.Build.0 = Debug|Any CPU
		{D42434C7-459D-461A-8B1D-1451F7FF4B13}.Debug|x86.ActiveCfg = Debug|Any CPU
		{D42434C7-459D-461A-8B1D-1451F7FF4B13}.Debug|x86.Build.0 = Debug|Any CPU
		{D42434C7-459D-461A-8B1D-1451F7FF4B13}.Release|Mixed Platforms.ActiveCfg = Release|Any CPU
		{D42434C7-459D-461A-8B1D-1451F7FF4B13}.Release|Mixed Platforms.Build.0 = Release|Any CPU
		{D42434C7-459D-461A-8B1D-1451F7FF4B13}.Release|x86.ActiveCfg = Release|Any CPU
		{D42434C7-459D-461A-8B1D-1451F7FF4B13}.Release|x86.Build.0 = Release|Any CPU
		{D53EB07B-F186-4281-A225-2C3DC5850148}.Debug|Mixed Platforms.ActiveCfg = Debug|Any CPU
		{D53EB07B-F186-4281-A225-2C3DC5850148}.Debug|Mixed Platforms.Build.0 = Debug|Any CPU
		{D53EB07B-F186-4281-A225-2C3DC5850148}.Debug|x86.ActiveCfg = Debug|Any CPU
		{D53EB07B-F186-4281-A225-2C3DC5850148}.Debug|x86.Build.0 = Debug|Any CPU
		{D53EB07B-F186-4281-A225-2C3DC5850148}.Release|Mixed Platforms.ActiveCfg = Release|Any CPU
		{D53EB07B-F186-4281-A225-2C3DC5850148}.Release|Mixed Platforms.Build.0 = Release|Any CPU
		{D53EB07B-F186-4281-A225-2C3DC5850148}.Release|x86.ActiveCfg = Release|Any CPU
		{D53EB07B-F186-4281-A225-2C3DC5850148}.Release|x86.Build.0 = Release|Any CPU
	EndGlobalSection
	GlobalSection(NestedProjects) = preSolution
	EndGlobalSection
	GlobalSection(MonoDevelopProperties) = preSolution
		BaseDirectory = .
		Policies = $0
		$0.DotNetNamingPolicy = $1
		$1.DirectoryNamespaceAssociation = None
		$1.ResourceNamePolicy = FileFormatDefault
		$0.StandardHeader = $2
		$2.Text = @ \n ${FileName}\n \n Author:\n      ${AuthorName} <${AuthorEmail}>\n\n Copyright (c) ${Year} ${CopyrightHolder}\n\n This program is free software: you can redistribute it and/or modify\n it under the terms of the GNU General Public License as published by\n the Free Software Foundation, either version 3 of the License, or\n (at your option) any later version.\n\n This program is distributed in the hope that it will be useful,\n but WITHOUT ANY WARRANTY; without even the implied warranty of\n MERCHANTABILITY or FITNESS FOR A PARTICULAR PURPOSE.  See the\n GNU General Public License for more details.\n\n You should have received a copy of the GNU General Public License\n along with this program.  If not, see <http://www.gnu.org/licenses/>.
		$2.IncludeInNewFiles = True
		$0.NameConventionPolicy = $3
		$3.Rules = $4
		$4.NamingRule = $5
		$5.AffectedEntity = None
		$5.VisibilityMask = VisibilityMask
		$5.NamingStyle = None
		$5.IncludeInstanceMembers = True
		$5.IncludeStaticEntities = True
	EndGlobalSection
	GlobalSection(SolutionProperties) = preSolution
		HideSolutionNode = FALSE
	EndGlobalSection
EndGlobal
